// !$*UTF8*$!
{
	archiveVersion = 1;
	classes = {
	};
	objectVersion = 56;
	objects = {

/* Begin PBXBuildFile section */
		6DAA703A2A93275000B83C43 /* GridViewApp.swift in Sources */ = {isa = PBXBuildFile; fileRef = 6DAA70392A93275000B83C43 /* GridViewApp.swift */; };
		6DAA703C2A93275000B83C43 /* ContentView.swift in Sources */ = {isa = PBXBuildFile; fileRef = 6DAA703B2A93275000B83C43 /* ContentView.swift */; };
		6DAA703E2A93275100B83C43 /* Assets.xcassets in Resources */ = {isa = PBXBuildFile; fileRef = 6DAA703D2A93275100B83C43 /* Assets.xcassets */; };
		6DAA70412A93275100B83C43 /* Preview Assets.xcassets in Resources */ = {isa = PBXBuildFile; fileRef = 6DAA70402A93275100B83C43 /* Preview Assets.xcassets */; };
		6DAA704B2A93275100B83C43 /* GridViewTests.swift in Sources */ = {isa = PBXBuildFile; fileRef = 6DAA704A2A93275100B83C43 /* GridViewTests.swift */; };
		6DAA70552A93275100B83C43 /* GridViewUITests.swift in Sources */ = {isa = PBXBuildFile; fileRef = 6DAA70542A93275100B83C43 /* GridViewUITests.swift */; };
		6DAA70572A93275100B83C43 /* GridViewUITestsLaunchTests.swift in Sources */ = {isa = PBXBuildFile; fileRef = 6DAA70562A93275100B83C43 /* GridViewUITestsLaunchTests.swift */; };
/* End PBXBuildFile section */

/* Begin PBXContainerItemProxy section */
		6DAA70472A93275100B83C43 /* PBXContainerItemProxy */ = {
			isa = PBXContainerItemProxy;
			containerPortal = 6DAA702E2A93275000B83C43 /* Project object */;
			proxyType = 1;
			remoteGlobalIDString = 6DAA70352A93275000B83C43;
			remoteInfo = GridView;
		};
		6DAA70512A93275100B83C43 /* PBXContainerItemProxy */ = {
			isa = PBXContainerItemProxy;
			containerPortal = 6DAA702E2A93275000B83C43 /* Project object */;
			proxyType = 1;
			remoteGlobalIDString = 6DAA70352A93275000B83C43;
			remoteInfo = GridView;
		};
/* End PBXContainerItemProxy section */

/* Begin PBXFileReference section */
		6DAA70362A93275000B83C43 /* GridView.app */ = {isa = PBXFileReference; explicitFileType = wrapper.application; includeInIndex = 0; path = GridView.app; sourceTree = BUILT_PRODUCTS_DIR; };
		6DAA70392A93275000B83C43 /* GridViewApp.swift */ = {isa = PBXFileReference; lastKnownFileType = sourcecode.swift; path = GridViewApp.swift; sourceTree = "<group>"; };
		6DAA703B2A93275000B83C43 /* ContentView.swift */ = {isa = PBXFileReference; lastKnownFileType = sourcecode.swift; path = ContentView.swift; sourceTree = "<group>"; };
		6DAA703D2A93275100B83C43 /* Assets.xcassets */ = {isa = PBXFileReference; lastKnownFileType = folder.assetcatalog; path = Assets.xcassets; sourceTree = "<group>"; };
		6DAA70402A93275100B83C43 /* Preview Assets.xcassets */ = {isa = PBXFileReference; lastKnownFileType = folder.assetcatalog; path = "Preview Assets.xcassets"; sourceTree = "<group>"; };
		6DAA70462A93275100B83C43 /* GridViewTests.xctest */ = {isa = PBXFileReference; explicitFileType = wrapper.cfbundle; includeInIndex = 0; path = GridViewTests.xctest; sourceTree = BUILT_PRODUCTS_DIR; };
		6DAA704A2A93275100B83C43 /* GridViewTests.swift */ = {isa = PBXFileReference; lastKnownFileType = sourcecode.swift; path = GridViewTests.swift; sourceTree = "<group>"; };
		6DAA70502A93275100B83C43 /* GridViewUITests.xctest */ = {isa = PBXFileReference; explicitFileType = wrapper.cfbundle; includeInIndex = 0; path = GridViewUITests.xctest; sourceTree = BUILT_PRODUCTS_DIR; };
		6DAA70542A93275100B83C43 /* GridViewUITests.swift */ = {isa = PBXFileReference; lastKnownFileType = sourcecode.swift; path = GridViewUITests.swift; sourceTree = "<group>"; };
		6DAA70562A93275100B83C43 /* GridViewUITestsLaunchTests.swift */ = {isa = PBXFileReference; lastKnownFileType = sourcecode.swift; path = GridViewUITestsLaunchTests.swift; sourceTree = "<group>"; };
/* End PBXFileReference section */

/* Begin PBXFrameworksBuildPhase section */
		6DAA70332A93275000B83C43 /* Frameworks */ = {
			isa = PBXFrameworksBuildPhase;
			buildActionMask = 2147483647;
			files = (
			);
			runOnlyForDeploymentPostprocessing = 0;
		};
		6DAA70432A93275100B83C43 /* Frameworks */ = {
			isa = PBXFrameworksBuildPhase;
			buildActionMask = 2147483647;
			files = (
			);
			runOnlyForDeploymentPostprocessing = 0;
		};
		6DAA704D2A93275100B83C43 /* Frameworks */ = {
			isa = PBXFrameworksBuildPhase;
			buildActionMask = 2147483647;
			files = (
			);
			runOnlyForDeploymentPostprocessing = 0;
		};
/* End PBXFrameworksBuildPhase section */

/* Begin PBXGroup section */
		6DAA702D2A93275000B83C43 = {
			isa = PBXGroup;
			children = (
				6DAA70382A93275000B83C43 /* GridView */,
				6DAA70492A93275100B83C43 /* GridViewTests */,
				6DAA70532A93275100B83C43 /* GridViewUITests */,
				6DAA70372A93275000B83C43 /* Products */,
			);
			sourceTree = "<group>";
		};
		6DAA70372A93275000B83C43 /* Products */ = {
			isa = PBXGroup;
			children = (
				6DAA70362A93275000B83C43 /* GridView.app */,
				6DAA70462A93275100B83C43 /* GridViewTests.xctest */,
				6DAA70502A93275100B83C43 /* GridViewUITests.xctest */,
			);
			name = Products;
			sourceTree = "<group>";
		};
		6DAA70382A93275000B83C43 /* GridView */ = {
			isa = PBXGroup;
			children = (
				6DAA70392A93275000B83C43 /* GridViewApp.swift */,
				6DAA703B2A93275000B83C43 /* ContentView.swift */,
				6DAA703D2A93275100B83C43 /* Assets.xcassets */,
				6DAA703F2A93275100B83C43 /* Preview Content */,
			);
			path = GridView;
			sourceTree = "<group>";
		};
		6DAA703F2A93275100B83C43 /* Preview Content */ = {
			isa = PBXGroup;
			children = (
				6DAA70402A93275100B83C43 /* Preview Assets.xcassets */,
			);
			path = "Preview Content";
			sourceTree = "<group>";
		};
		6DAA70492A93275100B83C43 /* GridViewTests */ = {
			isa = PBXGroup;
			children = (
				6DAA704A2A93275100B83C43 /* GridViewTests.swift */,
			);
			path = GridViewTests;
			sourceTree = "<group>";
		};
		6DAA70532A93275100B83C43 /* GridViewUITests */ = {
			isa = PBXGroup;
			children = (
				6DAA70542A93275100B83C43 /* GridViewUITests.swift */,
				6DAA70562A93275100B83C43 /* GridViewUITestsLaunchTests.swift */,
			);
			path = GridViewUITests;
			sourceTree = "<group>";
		};
/* End PBXGroup section */

/* Begin PBXNativeTarget section */
		6DAA70352A93275000B83C43 /* GridView */ = {
			isa = PBXNativeTarget;
			buildConfigurationList = 6DAA705A2A93275100B83C43 /* Build configuration list for PBXNativeTarget "GridView" */;
			buildPhases = (
				6DAA70322A93275000B83C43 /* Sources */,
				6DAA70332A93275000B83C43 /* Frameworks */,
				6DAA70342A93275000B83C43 /* Resources */,
			);
			buildRules = (
			);
			dependencies = (
			);
			name = GridView;
			productName = GridView;
			productReference = 6DAA70362A93275000B83C43 /* GridView.app */;
			productType = "com.apple.product-type.application";
		};
		6DAA70452A93275100B83C43 /* GridViewTests */ = {
			isa = PBXNativeTarget;
			buildConfigurationList = 6DAA705D2A93275100B83C43 /* Build configuration list for PBXNativeTarget "GridViewTests" */;
			buildPhases = (
				6DAA70422A93275100B83C43 /* Sources */,
				6DAA70432A93275100B83C43 /* Frameworks */,
				6DAA70442A93275100B83C43 /* Resources */,
			);
			buildRules = (
			);
			dependencies = (
				6DAA70482A93275100B83C43 /* PBXTargetDependency */,
			);
			name = GridViewTests;
			productName = GridViewTests;
			productReference = 6DAA70462A93275100B83C43 /* GridViewTests.xctest */;
			productType = "com.apple.product-type.bundle.unit-test";
		};
		6DAA704F2A93275100B83C43 /* GridViewUITests */ = {
			isa = PBXNativeTarget;
			buildConfigurationList = 6DAA70602A93275100B83C43 /* Build configuration list for PBXNativeTarget "GridViewUITests" */;
			buildPhases = (
				6DAA704C2A93275100B83C43 /* Sources */,
				6DAA704D2A93275100B83C43 /* Frameworks */,
				6DAA704E2A93275100B83C43 /* Resources */,
			);
			buildRules = (
			);
			dependencies = (
				6DAA70522A93275100B83C43 /* PBXTargetDependency */,
			);
			name = GridViewUITests;
			productName = GridViewUITests;
			productReference = 6DAA70502A93275100B83C43 /* GridViewUITests.xctest */;
			productType = "com.apple.product-type.bundle.ui-testing";
		};
/* End PBXNativeTarget section */

/* Begin PBXProject section */
		6DAA702E2A93275000B83C43 /* Project object */ = {
			isa = PBXProject;
			attributes = {
				BuildIndependentTargetsInParallel = 1;
				LastSwiftUpdateCheck = 1420;
				LastUpgradeCheck = 1420;
				TargetAttributes = {
					6DAA70352A93275000B83C43 = {
						CreatedOnToolsVersion = 14.2;
					};
					6DAA70452A93275100B83C43 = {
						CreatedOnToolsVersion = 14.2;
						TestTargetID = 6DAA70352A93275000B83C43;
					};
					6DAA704F2A93275100B83C43 = {
						CreatedOnToolsVersion = 14.2;
						TestTargetID = 6DAA70352A93275000B83C43;
					};
				};
			};
			buildConfigurationList = 6DAA70312A93275000B83C43 /* Build configuration list for PBXProject "GridView" */;
			compatibilityVersion = "Xcode 14.0";
			developmentRegion = en;
			hasScannedForEncodings = 0;
			knownRegions = (
				en,
				Base,
			);
			mainGroup = 6DAA702D2A93275000B83C43;
			productRefGroup = 6DAA70372A93275000B83C43 /* Products */;
			projectDirPath = "";
			projectRoot = "";
			targets = (
				6DAA70352A93275000B83C43 /* GridView */,
				6DAA70452A93275100B83C43 /* GridViewTests */,
				6DAA704F2A93275100B83C43 /* GridViewUITests */,
			);
		};
/* End PBXProject section */

/* Begin PBXResourcesBuildPhase section */
		6DAA70342A93275000B83C43 /* Resources */ = {
			isa = PBXResourcesBuildPhase;
			buildActionMask = 2147483647;
			files = (
				6DAA70412A93275100B83C43 /* Preview Assets.xcassets in Resources */,
				6DAA703E2A93275100B83C43 /* Assets.xcassets in Resources */,
			);
			runOnlyForDeploymentPostprocessing = 0;
		};
		6DAA70442A93275100B83C43 /* Resources */ = {
			isa = PBXResourcesBuildPhase;
			buildActionMask = 2147483647;
			files = (
			);
			runOnlyForDeploymentPostprocessing = 0;
		};
		6DAA704E2A93275100B83C43 /* Resources */ = {
			isa = PBXResourcesBuildPhase;
			buildActionMask = 2147483647;
			files = (
			);
			runOnlyForDeploymentPostprocessing = 0;
		};
/* End PBXResourcesBuildPhase section */

/* Begin PBXSourcesBuildPhase section */
		6DAA70322A93275000B83C43 /* Sources */ = {
			isa = PBXSourcesBuildPhase;
			buildActionMask = 2147483647;
			files = (
				6DAA703C2A93275000B83C43 /* ContentView.swift in Sources */,
				6DAA703A2A93275000B83C43 /* GridViewApp.swift in Sources */,
			);
			runOnlyForDeploymentPostprocessing = 0;
		};
		6DAA70422A93275100B83C43 /* Sources */ = {
			isa = PBXSourcesBuildPhase;
			buildActionMask = 2147483647;
			files = (
				6DAA704B2A93275100B83C43 /* GridViewTests.swift in Sources */,
			);
			runOnlyForDeploymentPostprocessing = 0;
		};
		6DAA704C2A93275100B83C43 /* Sources */ = {
			isa = PBXSourcesBuildPhase;
			buildActionMask = 2147483647;
			files = (
				6DAA70572A93275100B83C43 /* GridViewUITestsLaunchTests.swift in Sources */,
				6DAA70552A93275100B83C43 /* GridViewUITests.swift in Sources */,
			);
			runOnlyForDeploymentPostprocessing = 0;
		};
/* End PBXSourcesBuildPhase section */

/* Begin PBXTargetDependency section */
		6DAA70482A93275100B83C43 /* PBXTargetDependency */ = {
			isa = PBXTargetDependency;
			target = 6DAA70352A93275000B83C43 /* GridView */;
			targetProxy = 6DAA70472A93275100B83C43 /* PBXContainerItemProxy */;
		};
		6DAA70522A93275100B83C43 /* PBXTargetDependency */ = {
			isa = PBXTargetDependency;
			target = 6DAA70352A93275000B83C43 /* GridView */;
			targetProxy = 6DAA70512A93275100B83C43 /* PBXContainerItemProxy */;
		};
/* End PBXTargetDependency section */

/* Begin XCBuildConfiguration section */
		6DAA70582A93275100B83C43 /* Debug */ = {
			isa = XCBuildConfiguration;
			buildSettings = {
				ALWAYS_SEARCH_USER_PATHS = NO;
				CLANG_ANALYZER_NONNULL = YES;
				CLANG_ANALYZER_NUMBER_OBJECT_CONVERSION = YES_AGGRESSIVE;
				CLANG_CXX_LANGUAGE_STANDARD = "gnu++20";
				CLANG_ENABLE_MODULES = YES;
				CLANG_ENABLE_OBJC_ARC = YES;
				CLANG_ENABLE_OBJC_WEAK = YES;
				CLANG_WARN_BLOCK_CAPTURE_AUTORELEASING = YES;
				CLANG_WARN_BOOL_CONVERSION = YES;
				CLANG_WARN_COMMA = YES;
				CLANG_WARN_CONSTANT_CONVERSION = YES;
				CLANG_WARN_DEPRECATED_OBJC_IMPLEMENTATIONS = YES;
				CLANG_WARN_DIRECT_OBJC_ISA_USAGE = YES_ERROR;
				CLANG_WARN_DOCUMENTATION_COMMENTS = YES;
				CLANG_WARN_EMPTY_BODY = YES;
				CLANG_WARN_ENUM_CONVERSION = YES;
				CLANG_WARN_INFINITE_RECURSION = YES;
				CLANG_WARN_INT_CONVERSION = YES;
				CLANG_WARN_NON_LITERAL_NULL_CONVERSION = YES;
				CLANG_WARN_OBJC_IMPLICIT_RETAIN_SELF = YES;
				CLANG_WARN_OBJC_LITERAL_CONVERSION = YES;
				CLANG_WARN_OBJC_ROOT_CLASS = YES_ERROR;
				CLANG_WARN_QUOTED_INCLUDE_IN_FRAMEWORK_HEADER = YES;
				CLANG_WARN_RANGE_LOOP_ANALYSIS = YES;
				CLANG_WARN_STRICT_PROTOTYPES = YES;
				CLANG_WARN_SUSPICIOUS_MOVE = YES;
				CLANG_WARN_UNGUARDED_AVAILABILITY = YES_AGGRESSIVE;
				CLANG_WARN_UNREACHABLE_CODE = YES;
				CLANG_WARN__DUPLICATE_METHOD_MATCH = YES;
				COPY_PHASE_STRIP = NO;
				DEBUG_INFORMATION_FORMAT = dwarf;
				ENABLE_STRICT_OBJC_MSGSEND = YES;
				ENABLE_TESTABILITY = YES;
				GCC_C_LANGUAGE_STANDARD = gnu11;
				GCC_DYNAMIC_NO_PIC = NO;
				GCC_NO_COMMON_BLOCKS = YES;
				GCC_OPTIMIZATION_LEVEL = 0;
				GCC_PREPROCESSOR_DEFINITIONS = (
					"DEBUG=1",
					"$(inherited)",
				);
				GCC_WARN_64_TO_32_BIT_CONVERSION = YES;
				GCC_WARN_ABOUT_RETURN_TYPE = YES_ERROR;
				GCC_WARN_UNDECLARED_SELECTOR = YES;
				GCC_WARN_UNINITIALIZED_AUTOS = YES_AGGRESSIVE;
				GCC_WARN_UNUSED_FUNCTION = YES;
				GCC_WARN_UNUSED_VARIABLE = YES;
				IPHONEOS_DEPLOYMENT_TARGET = 16.2;
				MTL_ENABLE_DEBUG_INFO = INCLUDE_SOURCE;
				MTL_FAST_MATH = YES;
				ONLY_ACTIVE_ARCH = YES;
				SDKROOT = iphoneos;
				SWIFT_ACTIVE_COMPILATION_CONDITIONS = DEBUG;
				SWIFT_OPTIMIZATION_LEVEL = "-Onone";
			};
			name = Debug;
		};
		6DAA70592A93275100B83C43 /* Release */ = {
			isa = XCBuildConfiguration;
			buildSettings = {
				ALWAYS_SEARCH_USER_PATHS = NO;
				CLANG_ANALYZER_NONNULL = YES;
				CLANG_ANALYZER_NUMBER_OBJECT_CONVERSION = YES_AGGRESSIVE;
				CLANG_CXX_LANGUAGE_STANDARD = "gnu++20";
				CLANG_ENABLE_MODULES = YES;
				CLANG_ENABLE_OBJC_ARC = YES;
				CLANG_ENABLE_OBJC_WEAK = YES;
				CLANG_WARN_BLOCK_CAPTURE_AUTORELEASING = YES;
				CLANG_WARN_BOOL_CONVERSION = YES;
				CLANG_WARN_COMMA = YES;
				CLANG_WARN_CONSTANT_CONVERSION = YES;
				CLANG_WARN_DEPRECATED_OBJC_IMPLEMENTATIONS = YES;
				CLANG_WARN_DIRECT_OBJC_ISA_USAGE = YES_ERROR;
				CLANG_WARN_DOCUMENTATION_COMMENTS = YES;
				CLANG_WARN_EMPTY_BODY = YES;
				CLANG_WARN_ENUM_CONVERSION = YES;
				CLANG_WARN_INFINITE_RECURSION = YES;
				CLANG_WARN_INT_CONVERSION = YES;
				CLANG_WARN_NON_LITERAL_NULL_CONVERSION = YES;
				CLANG_WARN_OBJC_IMPLICIT_RETAIN_SELF = YES;
				CLANG_WARN_OBJC_LITERAL_CONVERSION = YES;
				CLANG_WARN_OBJC_ROOT_CLASS = YES_ERROR;
				CLANG_WARN_QUOTED_INCLUDE_IN_FRAMEWORK_HEADER = YES;
				CLANG_WARN_RANGE_LOOP_ANALYSIS = YES;
				CLANG_WARN_STRICT_PROTOTYPES = YES;
				CLANG_WARN_SUSPICIOUS_MOVE = YES;
				CLANG_WARN_UNGUARDED_AVAILABILITY = YES_AGGRESSIVE;
				CLANG_WARN_UNREACHABLE_CODE = YES;
				CLANG_WARN__DUPLICATE_METHOD_MATCH = YES;
				COPY_PHASE_STRIP = NO;
				DEBUG_INFORMATION_FORMAT = "dwarf-with-dsym";
				ENABLE_NS_ASSERTIONS = NO;
				ENABLE_STRICT_OBJC_MSGSEND = YES;
				GCC_C_LANGUAGE_STANDARD = gnu11;
				GCC_NO_COMMON_BLOCKS = YES;
				GCC_WARN_64_TO_32_BIT_CONVERSION = YES;
				GCC_WARN_ABOUT_RETURN_TYPE = YES_ERROR;
				GCC_WARN_UNDECLARED_SELECTOR = YES;
				GCC_WARN_UNINITIALIZED_AUTOS = YES_AGGRESSIVE;
				GCC_WARN_UNUSED_FUNCTION = YES;
				GCC_WARN_UNUSED_VARIABLE = YES;
				IPHONEOS_DEPLOYMENT_TARGET = 16.2;
				MTL_ENABLE_DEBUG_INFO = NO;
				MTL_FAST_MATH = YES;
				SDKROOT = iphoneos;
				SWIFT_COMPILATION_MODE = wholemodule;
				SWIFT_OPTIMIZATION_LEVEL = "-O";
				VALIDATE_PRODUCT = YES;
			};
			name = Release;
		};
		6DAA705B2A93275100B83C43 /* Debug */ = {
			isa = XCBuildConfiguration;
			buildSettings = {
				ASSETCATALOG_COMPILER_APPICON_NAME = AppIcon;
				ASSETCATALOG_COMPILER_GLOBAL_ACCENT_COLOR_NAME = AccentColor;
				CODE_SIGN_STYLE = Automatic;
				CURRENT_PROJECT_VERSION = 1;
				DEVELOPMENT_ASSET_PATHS = "\"GridView/Preview Content\"";
				DEVELOPMENT_TEAM = FY4AHB44UT;
				ENABLE_PREVIEWS = YES;
				GENERATE_INFOPLIST_FILE = YES;
				INFOPLIST_KEY_UIApplicationSceneManifest_Generation = YES;
				INFOPLIST_KEY_UIApplicationSupportsIndirectInputEvents = YES;
				INFOPLIST_KEY_UILaunchScreen_Generation = YES;
				INFOPLIST_KEY_UISupportedInterfaceOrientations_iPad = "UIInterfaceOrientationPortrait UIInterfaceOrientationPortraitUpsideDown UIInterfaceOrientationLandscapeLeft UIInterfaceOrientationLandscapeRight";
				INFOPLIST_KEY_UISupportedInterfaceOrientations_iPhone = "UIInterfaceOrientationPortrait UIInterfaceOrientationLandscapeLeft UIInterfaceOrientationLandscapeRight";
				LD_RUNPATH_SEARCH_PATHS = (
					"$(inherited)",
					"@executable_path/Frameworks",
				);
				MARKETING_VERSION = 1.0;
				PRODUCT_BUNDLE_IDENTIFIER = com.Test.GridView;
				PRODUCT_NAME = "$(TARGET_NAME)";
				SWIFT_EMIT_LOC_STRINGS = YES;
				SWIFT_VERSION = 5.0;
				TARGETED_DEVICE_FAMILY = "1,2";
			};
			name = Debug;
		};
		6DAA705C2A93275100B83C43 /* Release */ = {
			isa = XCBuildConfiguration;
			buildSettings = {
				ASSETCATALOG_COMPILER_APPICON_NAME = AppIcon;
				ASSETCATALOG_COMPILER_GLOBAL_ACCENT_COLOR_NAME = AccentColor;
				CODE_SIGN_STYLE = Automatic;
				CURRENT_PROJECT_VERSION = 1;
				DEVELOPMENT_ASSET_PATHS = "\"GridView/Preview Content\"";
				DEVELOPMENT_TEAM = FY4AHB44UT;
				ENABLE_PREVIEWS = YES;
				GENERATE_INFOPLIST_FILE = YES;
				INFOPLIST_KEY_UIApplicationSceneManifest_Generation = YES;
				INFOPLIST_KEY_UIApplicationSupportsIndirectInputEvents = YES;
				INFOPLIST_KEY_UILaunchScreen_Generation = YES;
				INFOPLIST_KEY_UISupportedInterfaceOrientations_iPad = "UIInterfaceOrientationPortrait UIInterfaceOrientationPortraitUpsideDown UIInterfaceOrientationLandscapeLeft UIInterfaceOrientationLandscapeRight";
				INFOPLIST_KEY_UISupportedInterfaceOrientations_iPhone = "UIInterfaceOrientationPortrait UIInterfaceOrientationLandscapeLeft UIInterfaceOrientationLandscapeRight";
				LD_RUNPATH_SEARCH_PATHS = (
					"$(inherited)",
					"@executable_path/Frameworks",
				);
				MARKETING_VERSION = 1.0;
				PRODUCT_BUNDLE_IDENTIFIER = com.Test.GridView;
				PRODUCT_NAME = "$(TARGET_NAME)";
				SWIFT_EMIT_LOC_STRINGS = YES;
				SWIFT_VERSION = 5.0;
				TARGETED_DEVICE_FAMILY = "1,2";
			};
			name = Release;
		};
		6DAA705E2A93275100B83C43 /* Debug */ = {
			isa = XCBuildConfiguration;
			buildSettings = {
				ALWAYS_EMBED_SWIFT_STANDARD_LIBRARIES = YES;
				BUNDLE_LOADER = "$(TEST_HOST)";
				CODE_SIGN_STYLE = Automatic;
				CURRENT_PROJECT_VERSION = 1;
				DEVELOPMENT_TEAM = FY4AHB44UT;
				GENERATE_INFOPLIST_FILE = YES;
				IPHONEOS_DEPLOYMENT_TARGET = 16.2;
				MARKETING_VERSION = 1.0;
				PRODUCT_BUNDLE_IDENTIFIER = com.Test.GridViewTests;
				PRODUCT_NAME = "$(TARGET_NAME)";
				SWIFT_EMIT_LOC_STRINGS = NO;
				SWIFT_VERSION = 5.0;
				TARGETED_DEVICE_FAMILY = "1,2";
				TEST_HOST = "$(BUILT_PRODUCTS_DIR)/GridView.app/$(BUNDLE_EXECUTABLE_FOLDER_PATH)/GridView";
			};
			name = Debug;
		};
		6DAA705F2A93275100B83C43 /* Release */ = {
			isa = XCBuildConfiguration;
			buildSettings = {
				ALWAYS_EMBED_SWIFT_STANDARD_LIBRARIES = YES;
				BUNDLE_LOADER = "$(TEST_HOST)";
				CODE_SIGN_STYLE = Automatic;
				CURRENT_PROJECT_VERSION = 1;
				DEVELOPMENT_TEAM = FY4AHB44UT;
				GENERATE_INFOPLIST_FILE = YES;
				IPHONEOS_DEPLOYMENT_TARGET = 16.2;
				MARKETING_VERSION = 1.0;
				PRODUCT_BUNDLE_IDENTIFIER = com.Test.GridViewTests;
				PRODUCT_NAME = "$(TARGET_NAME)";
				SWIFT_EMIT_LOC_STRINGS = NO;
				SWIFT_VERSION = 5.0;
				TARGETED_DEVICE_FAMILY = "1,2";
				TEST_HOST = "$(BUILT_PRODUCTS_DIR)/GridView.app/$(BUNDLE_EXECUTABLE_FOLDER_PATH)/GridView";
			};
			name = Release;
		};
		6DAA70612A93275100B83C43 /* Debug */ = {
			isa = XCBuildConfiguration;
			buildSettings = {
				ALWAYS_EMBED_SWIFT_STANDARD_LIBRARIES = YES;
				CODE_SIGN_STYLE = Automatic;
				CURRENT_PROJECT_VERSION = 1;
				DEVELOPMENT_TEAM = FY4AHB44UT;
				GENERATE_INFOPLIST_FILE = YES;
				MARKETING_VERSION = 1.0;
				PRODUCT_BUNDLE_IDENTIFIER = com.Test.GridViewUITests;
				PRODUCT_NAME = "$(TARGET_NAME)";
				SWIFT_EMIT_LOC_STRINGS = NO;
				SWIFT_VERSION = 5.0;
				TARGETED_DEVICE_FAMILY = "1,2";
				TEST_TARGET_NAME = GridView;
			};
			name = Debug;
		};
		6DAA70622A93275100B83C43 /* Release */ = {
			isa = XCBuildConfiguration;
			buildSettings = {
				ALWAYS_EMBED_SWIFT_STANDARD_LIBRARIES = YES;
				CODE_SIGN_STYLE = Automatic;
				CURRENT_PROJECT_VERSION = 1;
				DEVELOPMENT_TEAM = FY4AHB44UT;
				GENERATE_INFOPLIST_FILE = YES;
				MARKETING_VERSION = 1.0;
				PRODUCT_BUNDLE_IDENTIFIER = com.Test.GridViewUITests;
				PRODUCT_NAME = "$(TARGET_NAME)";
				SWIFT_EMIT_LOC_STRINGS = NO;
				SWIFT_VERSION = 5.0;
				TARGETED_DEVICE_FAMILY = "1,2";
				TEST_TARGET_NAME = GridView;
			};
			name = Release;
		};
/* End XCBuildConfiguration section */

/* Begin XCConfigurationList section */
		6DAA70312A93275000B83C43 /* Build configuration list for PBXProject "GridView" */ = {
			isa = XCConfigurationList;
			buildConfigurations = (
				6DAA70582A93275100B83C43 /* Debug */,
				6DAA70592A93275100B83C43 /* Release */,
			);
			defaultConfigurationIsVisible = 0;
			defaultConfigurationName = Release;
		};
		6DAA705A2A93275100B83C43 /* Build configuration list for PBXNativeTarget "GridView" */ = {
			isa = XCConfigurationList;
			buildConfigurations = (
				6DAA705B2A93275100B83C43 /* Debug */,
				6DAA705C2A93275100B83C43 /* Release */,
			);
			defaultConfigurationIsVisible = 0;
			defaultConfigurationName = Release;
		};
		6DAA705D2A93275100B83C43 /* Build configuration list for PBXNativeTarget "GridViewTests" */ = {
			isa = XCConfigurationList;
			buildConfigurations = (
				6DAA705E2A93275100B83C43 /* Debug */,
				6DAA705F2A93275100B83C43 /* Release */,
			);
			defaultConfigurationIsVisible = 0;
			defaultConfigurationName = Release;
		};
		6DAA70602A93275100B83C43 /* Build configuration list for PBXNativeTarget "GridViewUITests" */ = {
			isa = XCConfigurationList;
			buildConfigurations = (
				6DAA70612A93275100B83C43 /* Debug */,
				6DAA70622A93275100B83C43 /* Release */,
			);
			defaultConfigurationIsVisible = 0;
			defaultConfigurationName = Release;
		};
/* End XCConfigurationList section */
	};
	rootObject = 6DAA702E2A93275000B83C43 /* Project object */;
}
